// !$*UTF8*$!
{
	archiveVersion = 1;
	classes = {
	};
	objectVersion = 46;
	objects = {

/* Begin PBXBuildFile section */
		6E08A74A1CA219F200FD675F /* Counter.swift in Sources */ = {isa = PBXBuildFile; fileRef = 6E08A7491CA219F200FD675F /* Counter.swift */; };
		6E493FC41CA20B7C00CDD6F5 /* AppDelegate.swift in Sources */ = {isa = PBXBuildFile; fileRef = 6E493FC31CA20B7C00CDD6F5 /* AppDelegate.swift */; };
		6E493FC61CA20B7C00CDD6F5 /* CounterViewController.swift in Sources */ = {isa = PBXBuildFile; fileRef = 6E493FC51CA20B7C00CDD6F5 /* CounterViewController.swift */; };
		6E493FC91CA20B7C00CDD6F5 /* Main.storyboard in Resources */ = {isa = PBXBuildFile; fileRef = 6E493FC71CA20B7C00CDD6F5 /* Main.storyboard */; };
		6E493FCB1CA20B7C00CDD6F5 /* Assets.xcassets in Resources */ = {isa = PBXBuildFile; fileRef = 6E493FCA1CA20B7C00CDD6F5 /* Assets.xcassets */; };
		6E493FCE1CA20B7C00CDD6F5 /* LaunchScreen.storyboard in Resources */ = {isa = PBXBuildFile; fileRef = 6E493FCC1CA20B7C00CDD6F5 /* LaunchScreen.storyboard */; };
		6E493FD61CA2178900CDD6F5 /* CounterListViewController.swift in Sources */ = {isa = PBXBuildFile; fileRef = 6E493FD51CA2178900CDD6F5 /* CounterListViewController.swift */; };
		6E493FD81CA2179200CDD6F5 /* CounterStore.swift in Sources */ = {isa = PBXBuildFile; fileRef = 6E493FD71CA2179200CDD6F5 /* CounterStore.swift */; };
		6E493FDA1CA217A000CDD6F5 /* CounterListCell.swift in Sources */ = {isa = PBXBuildFile; fileRef = 6E493FD91CA217A000CDD6F5 /* CounterListCell.swift */; };
/* End PBXBuildFile section */

/* Begin PBXFileReference section */
		6E08A7491CA219F200FD675F /* Counter.swift */ = {isa = PBXFileReference; fileEncoding = 4; lastKnownFileType = sourcecode.swift; path = Counter.swift; sourceTree = "<group>"; };
		6E493FC01CA20B7C00CDD6F5 /* CounterApp.app */ = {isa = PBXFileReference; explicitFileType = wrapper.application; includeInIndex = 0; path = CounterApp.app; sourceTree = BUILT_PRODUCTS_DIR; };
		6E493FC31CA20B7C00CDD6F5 /* AppDelegate.swift */ = {isa = PBXFileReference; lastKnownFileType = sourcecode.swift; path = AppDelegate.swift; sourceTree = "<group>"; };
		6E493FC51CA20B7C00CDD6F5 /* CounterViewController.swift */ = {isa = PBXFileReference; lastKnownFileType = sourcecode.swift; path = CounterViewController.swift; sourceTree = "<group>"; };
		6E493FC81CA20B7C00CDD6F5 /* Base */ = {isa = PBXFileReference; lastKnownFileType = file.storyboard; name = Base; path = Base.lproj/Main.storyboard; sourceTree = "<group>"; };
		6E493FCA1CA20B7C00CDD6F5 /* Assets.xcassets */ = {isa = PBXFileReference; lastKnownFileType = folder.assetcatalog; path = Assets.xcassets; sourceTree = "<group>"; };
		6E493FCD1CA20B7C00CDD6F5 /* Base */ = {isa = PBXFileReference; lastKnownFileType = file.storyboard; name = Base; path = Base.lproj/LaunchScreen.storyboard; sourceTree = "<group>"; };
		6E493FCF1CA20B7C00CDD6F5 /* Info.plist */ = {isa = PBXFileReference; lastKnownFileType = text.plist.xml; path = Info.plist; sourceTree = "<group>"; };
		6E493FD51CA2178900CDD6F5 /* CounterListViewController.swift */ = {isa = PBXFileReference; fileEncoding = 4; lastKnownFileType = sourcecode.swift; path = CounterListViewController.swift; sourceTree = "<group>"; };
		6E493FD71CA2179200CDD6F5 /* CounterStore.swift */ = {isa = PBXFileReference; fileEncoding = 4; lastKnownFileType = sourcecode.swift; path = CounterStore.swift; sourceTree = "<group>"; };
		6E493FD91CA217A000CDD6F5 /* CounterListCell.swift */ = {isa = PBXFileReference; fileEncoding = 4; lastKnownFileType = sourcecode.swift; path = CounterListCell.swift; sourceTree = "<group>"; };
/* End PBXFileReference section */

/* Begin PBXFrameworksBuildPhase section */
		6E493FBD1CA20B7C00CDD6F5 /* Frameworks */ = {
			isa = PBXFrameworksBuildPhase;
			buildActionMask = 2147483647;
			files = (
			);
			runOnlyForDeploymentPostprocessing = 0;
		};
/* End PBXFrameworksBuildPhase section */

/* Begin PBXGroup section */
		6E493FB71CA20B7C00CDD6F5 = {
			isa = PBXGroup;
			children = (
				6E493FC21CA20B7C00CDD6F5 /* CounterApp */,
				6E493FC11CA20B7C00CDD6F5 /* Products */,
			);
			sourceTree = "<group>";
		};
		6E493FC11CA20B7C00CDD6F5 /* Products */ = {
			isa = PBXGroup;
			children = (
				6E493FC01CA20B7C00CDD6F5 /* CounterApp.app */,
			);
			name = Products;
			sourceTree = "<group>";
		};
		6E493FC21CA20B7C00CDD6F5 /* CounterApp */ = {
			isa = PBXGroup;
			children = (
				6E493FC31CA20B7C00CDD6F5 /* AppDelegate.swift */,
				6E493FC51CA20B7C00CDD6F5 /* CounterViewController.swift */,
				6E493FC71CA20B7C00CDD6F5 /* Main.storyboard */,
				6E493FCA1CA20B7C00CDD6F5 /* Assets.xcassets */,
				6E493FCC1CA20B7C00CDD6F5 /* LaunchScreen.storyboard */,
				6E493FD51CA2178900CDD6F5 /* CounterListViewController.swift */,
				6E493FD71CA2179200CDD6F5 /* CounterStore.swift */,
				6E493FD91CA217A000CDD6F5 /* CounterListCell.swift */,
				6E08A7491CA219F200FD675F /* Counter.swift */,
				6E493FCF1CA20B7C00CDD6F5 /* Info.plist */,
			);
			path = CounterApp;
			sourceTree = "<group>";
		};
/* End PBXGroup section */

/* Begin PBXNativeTarget section */
		6E493FBF1CA20B7C00CDD6F5 /* CounterApp */ = {
			isa = PBXNativeTarget;
			buildConfigurationList = 6E493FD21CA20B7C00CDD6F5 /* Build configuration list for PBXNativeTarget "CounterApp" */;
			buildPhases = (
				6E493FBC1CA20B7C00CDD6F5 /* Sources */,
				6E493FBD1CA20B7C00CDD6F5 /* Frameworks */,
				6E493FBE1CA20B7C00CDD6F5 /* Resources */,
			);
			buildRules = (
			);
			dependencies = (
			);
			name = CounterApp;
			productName = CounterApp;
			productReference = 6E493FC01CA20B7C00CDD6F5 /* CounterApp.app */;
			productType = "com.apple.product-type.application";
		};
/* End PBXNativeTarget section */

/* Begin PBXProject section */
		6E493FB81CA20B7C00CDD6F5 /* Project object */ = {
			isa = PBXProject;
			attributes = {
				LastSwiftUpdateCheck = 0720;
				LastUpgradeCheck = 0720;
				ORGANIZATIONNAME = "Keval Shah";
				TargetAttributes = {
					6E493FBF1CA20B7C00CDD6F5 = {
						CreatedOnToolsVersion = 7.2.1;
						DevelopmentTeam = 6WLKTW8RY2;
					};
				};
			};
			buildConfigurationList = 6E493FBB1CA20B7C00CDD6F5 /* Build configuration list for PBXProject "CounterApp" */;
			compatibilityVersion = "Xcode 3.2";
			developmentRegion = English;
			hasScannedForEncodings = 0;
			knownRegions = (
				en,
				Base,
			);
			mainGroup = 6E493FB71CA20B7C00CDD6F5;
			productRefGroup = 6E493FC11CA20B7C00CDD6F5 /* Products */;
			projectDirPath = "";
			projectRoot = "";
			targets = (
				6E493FBF1CA20B7C00CDD6F5 /* CounterApp */,
			);
		};
/* End PBXProject section */

/* Begin PBXResourcesBuildPhase section */
		6E493FBE1CA20B7C00CDD6F5 /* Resources */ = {
			isa = PBXResourcesBuildPhase;
			buildActionMask = 2147483647;
			files = (
				6E493FCE1CA20B7C00CDD6F5 /* LaunchScreen.storyboard in Resources */,
				6E493FCB1CA20B7C00CDD6F5 /* Assets.xcassets in Resources */,
				6E493FC91CA20B7C00CDD6F5 /* Main.storyboard in Resources */,
			);
			runOnlyForDeploymentPostprocessing = 0;
		};
/* End PBXResourcesBuildPhase section */

/* Begin PBXSourcesBuildPhase section */
		6E493FBC1CA20B7C00CDD6F5 /* Sources */ = {
			isa = PBXSourcesBuildPhase;
			buildActionMask = 2147483647;
			files = (
				6E493FDA1CA217A000CDD6F5 /* CounterListCell.swift in Sources */,
				6E493FC61CA20B7C00CDD6F5 /* CounterViewController.swift in Sources */,
				6E08A74A1CA219F200FD675F /* Counter.swift in Sources */,
				6E493FC41CA20B7C00CDD6F5 /* AppDelegate.swift in Sources */,
				6E493FD81CA2179200CDD6F5 /* CounterStore.swift in Sources */,
				6E493FD61CA2178900CDD6F5 /* CounterListViewController.swift in Sources */,
			);
			runOnlyForDeploymentPostprocessing = 0;
		};
/* End PBXSourcesBuildPhase section */

/* Begin PBXVariantGroup section */
		6E493FC71CA20B7C00CDD6F5 /* Main.storyboard */ = {
			isa = PBXVariantGroup;
			children = (
				6E493FC81CA20B7C00CDD6F5 /* Base */,
			);
			name = Main.storyboard;
			sourceTree = "<group>";
		};
		6E493FCC1CA20B7C00CDD6F5 /* LaunchScreen.storyboard */ = {
			isa = PBXVariantGroup;
			children = (
				6E493FCD1CA20B7C00CDD6F5 /* Base */,
			);
			name = LaunchScreen.storyboard;
			sourceTree = "<group>";
		};
/* End PBXVariantGroup section */

/* Begin XCBuildConfiguration section */
		6E493FD01CA20B7C00CDD6F5 /* Debug */ = {
			isa = XCBuildConfiguration;
			buildSettings = {
				ALWAYS_SEARCH_USER_PATHS = NO;
				CLANG_CXX_LANGUAGE_STANDARD = "gnu++0x";
				CLANG_CXX_LIBRARY = "libc++";
				CLANG_ENABLE_MODULES = YES;
				CLANG_ENABLE_OBJC_ARC = YES;
				CLANG_WARN_BOOL_CONVERSION = YES;
				CLANG_WARN_CONSTANT_CONVERSION = YES;
				CLANG_WARN_DIRECT_OBJC_ISA_USAGE = YES_ERROR;
				CLANG_WARN_EMPTY_BODY = YES;
				CLANG_WARN_ENUM_CONVERSION = YES;
				CLANG_WARN_INT_CONVERSION = YES;
				CLANG_WARN_OBJC_ROOT_CLASS = YES_ERROR;
				CLANG_WARN_UNREACHABLE_CODE = YES;
				CLANG_WARN__DUPLICATE_METHOD_MATCH = YES;
				"CODE_SIGN_IDENTITY[sdk=iphoneos*]" = "iPhone Developer";
				COPY_PHASE_STRIP = NO;
				DEBUG_INFORMATION_FORMAT = dwarf;
				ENABLE_STRICT_OBJC_MSGSEND = YES;
				ENABLE_TESTABILITY = YES;
				GCC_C_LANGUAGE_STANDARD = gnu99;
				GCC_DYNAMIC_NO_PIC = NO;
				GCC_NO_COMMON_BLOCKS = YES;
				GCC_OPTIMIZATION_LEVEL = 0;
				GCC_PREPROCESSOR_DEFINITIONS = (
					"DEBUG=1",
					"$(inherited)",
				);
				GCC_WARN_64_TO_32_BIT_CONVERSION = YES;
				GCC_WARN_ABOUT_RETURN_TYPE = YES_ERROR;
				GCC_WARN_UNDECLARED_SELECTOR = YES;
				GCC_WARN_UNINITIALIZED_AUTOS = YES_AGGRESSIVE;
				GCC_WARN_UNUSED_FUNCTION = YES;
				GCC_WARN_UNUSED_VARIABLE = YES;
				IPHONEOS_DEPLOYMENT_TARGET = 9.2;
				MTL_ENABLE_DEBUG_INFO = YES;
				ONLY_ACTIVE_ARCH = YES;
				SDKROOT = iphoneos;
				SWIFT_OPTIMIZATION_LEVEL = "-Onone";
				TARGETED_DEVICE_FAMILY = "1,2";
			};
			name = Debug;
		};
		6E493FD11CA20B7C00CDD6F5 /* Release */ = {
			isa = XCBuildConfiguration;
			buildSettings = {
				ALWAYS_SEARCH_USER_PATHS = NO;
				CLANG_CXX_LANGUAGE_STANDARD = "gnu++0x";
				CLANG_CXX_LIBRARY = "libc++";
				CLANG_ENABLE_MODULES = YES;
				CLANG_ENABLE_OBJC_ARC = YES;
				CLANG_WARN_BOOL_CONVERSION = YES;
				CLANG_WARN_CONSTANT_CONVERSION = YES;
				CLANG_WARN_DIRECT_OBJC_ISA_USAGE = YES_ERROR;
				CLANG_WARN_EMPTY_BODY = YES;
				CLANG_WARN_ENUM_CONVERSION = YES;
				CLANG_WARN_INT_CONVERSION = YES;
				CLANG_WARN_OBJC_ROOT_CLASS = YES_ERROR;
				CLANG_WARN_UNREACHABLE_CODE = YES;
				CLANG_WARN__DUPLICATE_METHOD_MATCH = YES;
				"CODE_SIGN_IDENTITY[sdk=iphoneos*]" = "iPhone Developer";
				COPY_PHASE_STRIP = NO;
				DEBUG_INFORMATION_FORMAT = "dwarf-with-dsym";
				ENABLE_NS_ASSERTIONS = NO;
				ENABLE_STRICT_OBJC_MSGSEND = YES;
				GCC_C_LANGUAGE_STANDARD = gnu99;
				GCC_NO_COMMON_BLOCKS = YES;
				GCC_WARN_64_TO_32_BIT_CONVERSION = YES;
				GCC_WARN_ABOUT_RETURN_TYPE = YES_ERROR;
				GCC_WARN_UNDECLARED_SELECTOR = YES;
				GCC_WARN_UNINITIALIZED_AUTOS = YES_AGGRESSIVE;
				GCC_WARN_UNUSED_FUNCTION = YES;
				GCC_WARN_UNUSED_VARIABLE = YES;
				IPHONEOS_DEPLOYMENT_TARGET = 9.2;
				MTL_ENABLE_DEBUG_INFO = NO;
				SDKROOT = iphoneos;
				TARGETED_DEVICE_FAMILY = "1,2";
				VALIDATE_PRODUCT = YES;
			};
			name = Release;
		};
		6E493FD31CA20B7C00CDD6F5 /* Debug */ = {
			isa = XCBuildConfiguration;
			buildSettings = {
				ASSETCATALOG_COMPILER_APPICON_NAME = AppIcon;
				CODE_SIGN_IDENTITY = "iPhone Developer";
				"CODE_SIGN_IDENTITY[sdk=iphoneos*]" = "iPhone Developer";
				INFOPLIST_FILE = CounterApp/Info.plist;
				LD_RUNPATH_SEARCH_PATHS = "$(inherited) @executable_path/Frameworks";
				PRODUCT_BUNDLE_IDENTIFIER = kevios9103.CounterApp;
				PRODUCT_NAME = "$(TARGET_NAME)";
				PROVISIONING_PROFILE = "";
			};
			name = Debug;
		};
		6E493FD41CA20B7C00CDD6F5 /* Release */ = {
			isa = XCBuildConfiguration;
			buildSettings = {
				ASSETCATALOG_COMPILER_APPICON_NAME = AppIcon;
				CODE_SIGN_IDENTITY = "iPhone Developer";
				"CODE_SIGN_IDENTITY[sdk=iphoneos*]" = "iPhone Developer";
				INFOPLIST_FILE = CounterApp/Info.plist;
				LD_RUNPATH_SEARCH_PATHS = "$(inherited) @executable_path/Frameworks";
				PRODUCT_BUNDLE_IDENTIFIER = kevios9103.CounterApp;
				PRODUCT_NAME = "$(TARGET_NAME)";
				PROVISIONING_PROFILE = "";
			};
			name = Release;
		};
/* End XCBuildConfiguration section */

/* Begin XCConfigurationList section */
		6E493FBB1CA20B7C00CDD6F5 /* Build configuration list for PBXProject "CounterApp" */ = {
			isa = XCConfigurationList;
			buildConfigurations = (
				6E493FD01CA20B7C00CDD6F5 /* Debug */,
				6E493FD11CA20B7C00CDD6F5 /* Release */,
			);
			defaultConfigurationIsVisible = 0;
			defaultConfigurationName = Release;
		};
		6E493FD21CA20B7C00CDD6F5 /* Build configuration list for PBXNativeTarget "CounterApp" */ = {
			isa = XCConfigurationList;
			buildConfigurations = (
				6E493FD31CA20B7C00CDD6F5 /* Debug */,
				6E493FD41CA20B7C00CDD6F5 /* Release */,
			);
			defaultConfigurationIsVisible = 0;
			defaultConfigurationName = Release;
		};
/* End XCConfigurationList section */
	};
	rootObject = 6E493FB81CA20B7C00CDD6F5 /* Project object */;
}
