// !$*UTF8*$!
{
	archiveVersion = 1;
	classes = {
	};
	objectVersion = 46;
	objects = {

/* Begin PBXBuildFile section */
		18D7DD571C6AC07B00997209 /* AppDelegate.swift in Sources */ = {isa = PBXBuildFile; fileRef = 18D7DD561C6AC07B00997209 /* AppDelegate.swift */; };
		18D7DD591C6AC07B00997209 /* ViewController.swift in Sources */ = {isa = PBXBuildFile; fileRef = 18D7DD581C6AC07B00997209 /* ViewController.swift */; };
		18D7DD5C1C6AC07B00997209 /* Main.storyboard in Resources */ = {isa = PBXBuildFile; fileRef = 18D7DD5A1C6AC07B00997209 /* Main.storyboard */; };
		18D7DD5E1C6AC07B00997209 /* Assets.xcassets in Resources */ = {isa = PBXBuildFile; fileRef = 18D7DD5D1C6AC07B00997209 /* Assets.xcassets */; };
		18D7DD611C6AC07B00997209 /* LaunchScreen.storyboard in Resources */ = {isa = PBXBuildFile; fileRef = 18D7DD5F1C6AC07B00997209 /* LaunchScreen.storyboard */; };
/* End PBXBuildFile section */

/* Begin PBXFileReference section */
		18D7DD531C6AC07B00997209 /* ColorChecker.app */ = {isa = PBXFileReference; explicitFileType = wrapper.application; includeInIndex = 0; path = ColorChecker.app; sourceTree = BUILT_PRODUCTS_DIR; };
		18D7DD561C6AC07B00997209 /* AppDelegate.swift */ = {isa = PBXFileReference; lastKnownFileType = sourcecode.swift; path = AppDelegate.swift; sourceTree = "<group>"; };
		18D7DD581C6AC07B00997209 /* ViewController.swift */ = {isa = PBXFileReference; lastKnownFileType = sourcecode.swift; path = ViewController.swift; sourceTree = "<group>"; };
		18D7DD5B1C6AC07B00997209 /* Base */ = {isa = PBXFileReference; lastKnownFileType = file.storyboard; name = Base; path = Base.lproj/Main.storyboard; sourceTree = "<group>"; };
		18D7DD5D1C6AC07B00997209 /* Assets.xcassets */ = {isa = PBXFileReference; lastKnownFileType = folder.assetcatalog; path = Assets.xcassets; sourceTree = "<group>"; };
		18D7DD601C6AC07B00997209 /* Base */ = {isa = PBXFileReference; lastKnownFileType = file.storyboard; name = Base; path = Base.lproj/LaunchScreen.storyboard; sourceTree = "<group>"; };
		18D7DD621C6AC07B00997209 /* Info.plist */ = {isa = PBXFileReference; lastKnownFileType = text.plist.xml; path = Info.plist; sourceTree = "<group>"; };
/* End PBXFileReference section */

/* Begin PBXFrameworksBuildPhase section */
		18D7DD501C6AC07B00997209 /* Frameworks */ = {
			isa = PBXFrameworksBuildPhase;
			buildActionMask = 2147483647;
			files = (
			);
			runOnlyForDeploymentPostprocessing = 0;
		};
/* End PBXFrameworksBuildPhase section */

/* Begin PBXGroup section */
		18D7DD4A1C6AC07B00997209 = {
			isa = PBXGroup;
			children = (
				18D7DD551C6AC07B00997209 /* ColorChecker */,
				18D7DD541C6AC07B00997209 /* Products */,
			);
			sourceTree = "<group>";
		};
		18D7DD541C6AC07B00997209 /* Products */ = {
			isa = PBXGroup;
			children = (
				18D7DD531C6AC07B00997209 /* ColorChecker.app */,
			);
			name = Products;
			sourceTree = "<group>";
		};
		18D7DD551C6AC07B00997209 /* ColorChecker */ = {
			isa = PBXGroup;
			children = (
				18D7DD561C6AC07B00997209 /* AppDelegate.swift */,
				18D7DD581C6AC07B00997209 /* ViewController.swift */,
				18D7DD5A1C6AC07B00997209 /* Main.storyboard */,
				18D7DD5D1C6AC07B00997209 /* Assets.xcassets */,
				18D7DD5F1C6AC07B00997209 /* LaunchScreen.storyboard */,
				18D7DD621C6AC07B00997209 /* Info.plist */,
			);
			path = ColorChecker;
			sourceTree = "<group>";
		};
/* End PBXGroup section */

/* Begin PBXNativeTarget section */
		18D7DD521C6AC07B00997209 /* ColorChecker */ = {
			isa = PBXNativeTarget;
			buildConfigurationList = 18D7DD651C6AC07B00997209 /* Build configuration list for PBXNativeTarget "ColorChecker" */;
			buildPhases = (
				18D7DD4F1C6AC07B00997209 /* Sources */,
				18D7DD501C6AC07B00997209 /* Frameworks */,
				18D7DD511C6AC07B00997209 /* Resources */,
			);
			buildRules = (
			);
			dependencies = (
			);
			name = ColorChecker;
			productName = ColorChecker;
			productReference = 18D7DD531C6AC07B00997209 /* ColorChecker.app */;
			productType = "com.apple.product-type.application";
		};
/* End PBXNativeTarget section */

/* Begin PBXProject section */
		18D7DD4B1C6AC07B00997209 /* Project object */ = {
			isa = PBXProject;
			attributes = {
				LastSwiftUpdateCheck = 0720;
				LastUpgradeCheck = 0720;
				ORGANIZATIONNAME = "Keval Shah";
				TargetAttributes = {
					18D7DD521C6AC07B00997209 = {
						CreatedOnToolsVersion = 7.2;
						DevelopmentTeam = 6WLKTW8RY2;
					};
				};
			};
			buildConfigurationList = 18D7DD4E1C6AC07B00997209 /* Build configuration list for PBXProject "ColorChecker" */;
			compatibilityVersion = "Xcode 3.2";
			developmentRegion = English;
			hasScannedForEncodings = 0;
			knownRegions = (
				en,
				Base,
			);
			mainGroup = 18D7DD4A1C6AC07B00997209;
			productRefGroup = 18D7DD541C6AC07B00997209 /* Products */;
			projectDirPath = "";
			projectRoot = "";
			targets = (
				18D7DD521C6AC07B00997209 /* ColorChecker */,
			);
		};
/* End PBXProject section */

/* Begin PBXResourcesBuildPhase section */
		18D7DD511C6AC07B00997209 /* Resources */ = {
			isa = PBXResourcesBuildPhase;
			buildActionMask = 2147483647;
			files = (
				18D7DD611C6AC07B00997209 /* LaunchScreen.storyboard in Resources */,
				18D7DD5E1C6AC07B00997209 /* Assets.xcassets in Resources */,
				18D7DD5C1C6AC07B00997209 /* Main.storyboard in Resources */,
			);
			runOnlyForDeploymentPostprocessing = 0;
		};
/* End PBXResourcesBuildPhase section */

/* Begin PBXSourcesBuildPhase section */
		18D7DD4F1C6AC07B00997209 /* Sources */ = {
			isa = PBXSourcesBuildPhase;
			buildActionMask = 2147483647;
			files = (
				18D7DD591C6AC07B00997209 /* ViewController.swift in Sources */,
				18D7DD571C6AC07B00997209 /* AppDelegate.swift in Sources */,
			);
			runOnlyForDeploymentPostprocessing = 0;
		};
/* End PBXSourcesBuildPhase section */

/* Begin PBXVariantGroup section */
		18D7DD5A1C6AC07B00997209 /* Main.storyboard */ = {
			isa = PBXVariantGroup;
			children = (
				18D7DD5B1C6AC07B00997209 /* Base */,
			);
			name = Main.storyboard;
			sourceTree = "<group>";
		};
		18D7DD5F1C6AC07B00997209 /* LaunchScreen.storyboard */ = {
			isa = PBXVariantGroup;
			children = (
				18D7DD601C6AC07B00997209 /* Base */,
			);
			name = LaunchScreen.storyboard;
			sourceTree = "<group>";
		};
/* End PBXVariantGroup section */

/* Begin XCBuildConfiguration section */
		18D7DD631C6AC07B00997209 /* Debug */ = {
			isa = XCBuildConfiguration;
			buildSettings = {
				ALWAYS_SEARCH_USER_PATHS = NO;
				CLANG_CXX_LANGUAGE_STANDARD = "gnu++0x";
				CLANG_CXX_LIBRARY = "libc++";
				CLANG_ENABLE_MODULES = YES;
				CLANG_ENABLE_OBJC_ARC = YES;
				CLANG_WARN_BOOL_CONVERSION = YES;
				CLANG_WARN_CONSTANT_CONVERSION = YES;
				CLANG_WARN_DIRECT_OBJC_ISA_USAGE = YES_ERROR;
				CLANG_WARN_EMPTY_BODY = YES;
				CLANG_WARN_ENUM_CONVERSION = YES;
				CLANG_WARN_INT_CONVERSION = YES;
				CLANG_WARN_OBJC_ROOT_CLASS = YES_ERROR;
				CLANG_WARN_UNREACHABLE_CODE = YES;
				CLANG_WARN__DUPLICATE_METHOD_MATCH = YES;
				"CODE_SIGN_IDENTITY[sdk=iphoneos*]" = "iPhone Developer";
				COPY_PHASE_STRIP = NO;
				DEBUG_INFORMATION_FORMAT = dwarf;
				ENABLE_STRICT_OBJC_MSGSEND = YES;
				ENABLE_TESTABILITY = YES;
				GCC_C_LANGUAGE_STANDARD = gnu99;
				GCC_DYNAMIC_NO_PIC = NO;
				GCC_NO_COMMON_BLOCKS = YES;
				GCC_OPTIMIZATION_LEVEL = 0;
				GCC_PREPROCESSOR_DEFINITIONS = (
					"DEBUG=1",
					"$(inherited)",
				);
				GCC_WARN_64_TO_32_BIT_CONVERSION = YES;
				GCC_WARN_ABOUT_RETURN_TYPE = YES_ERROR;
				GCC_WARN_UNDECLARED_SELECTOR = YES;
				GCC_WARN_UNINITIALIZED_AUTOS = YES_AGGRESSIVE;
				GCC_WARN_UNUSED_FUNCTION = YES;
				GCC_WARN_UNUSED_VARIABLE = YES;
				IPHONEOS_DEPLOYMENT_TARGET = 9.2;
				MTL_ENABLE_DEBUG_INFO = YES;
				ONLY_ACTIVE_ARCH = YES;
				SDKROOT = iphoneos;
				SWIFT_OPTIMIZATION_LEVEL = "-Onone";
			};
			name = Debug;
		};
		18D7DD641C6AC07B00997209 /* Release */ = {
			isa = XCBuildConfiguration;
			buildSettings = {
				ALWAYS_SEARCH_USER_PATHS = NO;
				CLANG_CXX_LANGUAGE_STANDARD = "gnu++0x";
				CLANG_CXX_LIBRARY = "libc++";
				CLANG_ENABLE_MODULES = YES;
				CLANG_ENABLE_OBJC_ARC = YES;
				CLANG_WARN_BOOL_CONVERSION = YES;
				CLANG_WARN_CONSTANT_CONVERSION = YES;
				CLANG_WARN_DIRECT_OBJC_ISA_USAGE = YES_ERROR;
				CLANG_WARN_EMPTY_BODY = YES;
				CLANG_WARN_ENUM_CONVERSION = YES;
				CLANG_WARN_INT_CONVERSION = YES;
				CLANG_WARN_OBJC_ROOT_CLASS = YES_ERROR;
				CLANG_WARN_UNREACHABLE_CODE = YES;
				CLANG_WARN__DUPLICATE_METHOD_MATCH = YES;
				"CODE_SIGN_IDENTITY[sdk=iphoneos*]" = "iPhone Developer";
				COPY_PHASE_STRIP = NO;
				DEBUG_INFORMATION_FORMAT = "dwarf-with-dsym";
				ENABLE_NS_ASSERTIONS = NO;
				ENABLE_STRICT_OBJC_MSGSEND = YES;
				GCC_C_LANGUAGE_STANDARD = gnu99;
				GCC_NO_COMMON_BLOCKS = YES;
				GCC_WARN_64_TO_32_BIT_CONVERSION = YES;
				GCC_WARN_ABOUT_RETURN_TYPE = YES_ERROR;
				GCC_WARN_UNDECLARED_SELECTOR = YES;
				GCC_WARN_UNINITIALIZED_AUTOS = YES_AGGRESSIVE;
				GCC_WARN_UNUSED_FUNCTION = YES;
				GCC_WARN_UNUSED_VARIABLE = YES;
				IPHONEOS_DEPLOYMENT_TARGET = 9.2;
				MTL_ENABLE_DEBUG_INFO = NO;
				SDKROOT = iphoneos;
				VALIDATE_PRODUCT = YES;
			};
			name = Release;
		};
		18D7DD661C6AC07B00997209 /* Debug */ = {
			isa = XCBuildConfiguration;
			buildSettings = {
				ASSETCATALOG_COMPILER_APPICON_NAME = AppIcon;
				CODE_SIGN_IDENTITY = "iPhone Developer";
				"CODE_SIGN_IDENTITY[sdk=iphoneos*]" = "iPhone Developer";
				INFOPLIST_FILE = ColorChecker/Info.plist;
				LD_RUNPATH_SEARCH_PATHS = "$(inherited) @executable_path/Frameworks";
				PRODUCT_BUNDLE_IDENTIFIER = com.kevios9103.ColorChecker;
				PRODUCT_NAME = "$(TARGET_NAME)";
				PROVISIONING_PROFILE = "";
			};
			name = Debug;
		};
		18D7DD671C6AC07B00997209 /* Release */ = {
			isa = XCBuildConfiguration;
			buildSettings = {
				ASSETCATALOG_COMPILER_APPICON_NAME = AppIcon;
				CODE_SIGN_IDENTITY = "iPhone Developer";
				"CODE_SIGN_IDENTITY[sdk=iphoneos*]" = "iPhone Developer";
				INFOPLIST_FILE = ColorChecker/Info.plist;
				LD_RUNPATH_SEARCH_PATHS = "$(inherited) @executable_path/Frameworks";
				PRODUCT_BUNDLE_IDENTIFIER = com.kevios9103.ColorChecker;
				PRODUCT_NAME = "$(TARGET_NAME)";
				PROVISIONING_PROFILE = "";
			};
			name = Release;
		};
/* End XCBuildConfiguration section */

/* Begin XCConfigurationList section */
		18D7DD4E1C6AC07B00997209 /* Build configuration list for PBXProject "ColorChecker" */ = {
			isa = XCConfigurationList;
			buildConfigurations = (
				18D7DD631C6AC07B00997209 /* Debug */,
				18D7DD641C6AC07B00997209 /* Release */,
			);
			defaultConfigurationIsVisible = 0;
			defaultConfigurationName = Release;
		};
		18D7DD651C6AC07B00997209 /* Build configuration list for PBXNativeTarget "ColorChecker" */ = {
			isa = XCConfigurationList;
			buildConfigurations = (
				18D7DD661C6AC07B00997209 /* Debug */,
				18D7DD671C6AC07B00997209 /* Release */,
			);
			defaultConfigurationIsVisible = 0;
		};
/* End XCConfigurationList section */
	};
	rootObject = 18D7DD4B1C6AC07B00997209 /* Project object */;
}
