// !$*UTF8*$!
{
	archiveVersion = 1;
	classes = {
	};
	objectVersion = 46;
	objects = {

/* Begin PBXBuildFile section */
		91190F4D1C85F45E0088B319 /* AppDelegate.swift in Sources */ = {isa = PBXBuildFile; fileRef = 91190F4C1C85F45E0088B319 /* AppDelegate.swift */; };
		91190F521C85F45E0088B319 /* Main.storyboard in Resources */ = {isa = PBXBuildFile; fileRef = 91190F501C85F45E0088B319 /* Main.storyboard */; };
		91190F541C85F45E0088B319 /* Assets.xcassets in Resources */ = {isa = PBXBuildFile; fileRef = 91190F531C85F45E0088B319 /* Assets.xcassets */; };
		91190F571C85F45E0088B319 /* LaunchScreen.storyboard in Resources */ = {isa = PBXBuildFile; fileRef = 91190F551C85F45E0088B319 /* LaunchScreen.storyboard */; };
		91190F5F1C85F47A0088B319 /* ItemsViewController.swift in Sources */ = {isa = PBXBuildFile; fileRef = 91190F5E1C85F47A0088B319 /* ItemsViewController.swift */; };
		91190F611C85F5DD0088B319 /* Item.swift in Sources */ = {isa = PBXBuildFile; fileRef = 91190F601C85F5DD0088B319 /* Item.swift */; };
		91190F631C85F9ED0088B319 /* ItemStore.swift in Sources */ = {isa = PBXBuildFile; fileRef = 91190F621C85F9ED0088B319 /* ItemStore.swift */; };
		9124F4201C8CCD3A00AADB30 /* ItemCell.swift in Sources */ = {isa = PBXBuildFile; fileRef = 9124F41F1C8CCD3A00AADB30 /* ItemCell.swift */; };
		9124F4221C8CE86600AADB30 /* DetailViewController.swift in Sources */ = {isa = PBXBuildFile; fileRef = 9124F4211C8CE86600AADB30 /* DetailViewController.swift */; };
/* End PBXBuildFile section */

/* Begin PBXFileReference section */
		91190F491C85F45E0088B319 /* Homepwner.app */ = {isa = PBXFileReference; explicitFileType = wrapper.application; includeInIndex = 0; path = Homepwner.app; sourceTree = BUILT_PRODUCTS_DIR; };
		91190F4C1C85F45E0088B319 /* AppDelegate.swift */ = {isa = PBXFileReference; lastKnownFileType = sourcecode.swift; path = AppDelegate.swift; sourceTree = "<group>"; };
		91190F511C85F45E0088B319 /* Base */ = {isa = PBXFileReference; lastKnownFileType = file.storyboard; name = Base; path = Base.lproj/Main.storyboard; sourceTree = "<group>"; };
		91190F531C85F45E0088B319 /* Assets.xcassets */ = {isa = PBXFileReference; lastKnownFileType = folder.assetcatalog; path = Assets.xcassets; sourceTree = "<group>"; };
		91190F561C85F45E0088B319 /* Base */ = {isa = PBXFileReference; lastKnownFileType = file.storyboard; name = Base; path = Base.lproj/LaunchScreen.storyboard; sourceTree = "<group>"; };
		91190F581C85F45E0088B319 /* Info.plist */ = {isa = PBXFileReference; lastKnownFileType = text.plist.xml; path = Info.plist; sourceTree = "<group>"; };
		91190F5E1C85F47A0088B319 /* ItemsViewController.swift */ = {isa = PBXFileReference; fileEncoding = 4; lastKnownFileType = sourcecode.swift; path = ItemsViewController.swift; sourceTree = "<group>"; };
		91190F601C85F5DD0088B319 /* Item.swift */ = {isa = PBXFileReference; fileEncoding = 4; lastKnownFileType = sourcecode.swift; path = Item.swift; sourceTree = "<group>"; };
		91190F621C85F9ED0088B319 /* ItemStore.swift */ = {isa = PBXFileReference; fileEncoding = 4; lastKnownFileType = sourcecode.swift; path = ItemStore.swift; sourceTree = "<group>"; };
		9124F41F1C8CCD3A00AADB30 /* ItemCell.swift */ = {isa = PBXFileReference; fileEncoding = 4; lastKnownFileType = sourcecode.swift; path = ItemCell.swift; sourceTree = "<group>"; };
		9124F4211C8CE86600AADB30 /* DetailViewController.swift */ = {isa = PBXFileReference; fileEncoding = 4; lastKnownFileType = sourcecode.swift; path = DetailViewController.swift; sourceTree = "<group>"; };
/* End PBXFileReference section */

/* Begin PBXFrameworksBuildPhase section */
		91190F461C85F45E0088B319 /* Frameworks */ = {
			isa = PBXFrameworksBuildPhase;
			buildActionMask = 2147483647;
			files = (
			);
			runOnlyForDeploymentPostprocessing = 0;
		};
/* End PBXFrameworksBuildPhase section */

/* Begin PBXGroup section */
		91190F401C85F45E0088B319 = {
			isa = PBXGroup;
			children = (
				91190F601C85F5DD0088B319 /* Item.swift */,
				91190F621C85F9ED0088B319 /* ItemStore.swift */,
				91190F4B1C85F45E0088B319 /* Homepwner */,
				91190F4A1C85F45E0088B319 /* Products */,
			);
			sourceTree = "<group>";
		};
		91190F4A1C85F45E0088B319 /* Products */ = {
			isa = PBXGroup;
			children = (
				91190F491C85F45E0088B319 /* Homepwner.app */,
			);
			name = Products;
			sourceTree = "<group>";
		};
		91190F4B1C85F45E0088B319 /* Homepwner */ = {
			isa = PBXGroup;
			children = (
				91190F4C1C85F45E0088B319 /* AppDelegate.swift */,
				91190F501C85F45E0088B319 /* Main.storyboard */,
				9124F4211C8CE86600AADB30 /* DetailViewController.swift */,
				91190F531C85F45E0088B319 /* Assets.xcassets */,
				91190F551C85F45E0088B319 /* LaunchScreen.storyboard */,
				91190F581C85F45E0088B319 /* Info.plist */,
				91190F5E1C85F47A0088B319 /* ItemsViewController.swift */,
				9124F41F1C8CCD3A00AADB30 /* ItemCell.swift */,
			);
			path = Homepwner;
			sourceTree = "<group>";
		};
/* End PBXGroup section */

/* Begin PBXNativeTarget section */
		91190F481C85F45E0088B319 /* Homepwner */ = {
			isa = PBXNativeTarget;
			buildConfigurationList = 91190F5B1C85F45E0088B319 /* Build configuration list for PBXNativeTarget "Homepwner" */;
			buildPhases = (
				91190F451C85F45E0088B319 /* Sources */,
				91190F461C85F45E0088B319 /* Frameworks */,
				91190F471C85F45E0088B319 /* Resources */,
			);
			buildRules = (
			);
			dependencies = (
			);
			name = Homepwner;
			productName = Homepwner;
			productReference = 91190F491C85F45E0088B319 /* Homepwner.app */;
			productType = "com.apple.product-type.application";
		};
/* End PBXNativeTarget section */

/* Begin PBXProject section */
		91190F411C85F45E0088B319 /* Project object */ = {
			isa = PBXProject;
			attributes = {
				LastSwiftUpdateCheck = 0720;
				LastUpgradeCheck = 0720;
				ORGANIZATIONNAME = Yuchi;
				TargetAttributes = {
					91190F481C85F45E0088B319 = {
						CreatedOnToolsVersion = 7.2.1;
					};
				};
			};
			buildConfigurationList = 91190F441C85F45E0088B319 /* Build configuration list for PBXProject "Homepwner" */;
			compatibilityVersion = "Xcode 3.2";
			developmentRegion = English;
			hasScannedForEncodings = 0;
			knownRegions = (
				en,
				Base,
			);
			mainGroup = 91190F401C85F45E0088B319;
			productRefGroup = 91190F4A1C85F45E0088B319 /* Products */;
			projectDirPath = "";
			projectRoot = "";
			targets = (
				91190F481C85F45E0088B319 /* Homepwner */,
			);
		};
/* End PBXProject section */

/* Begin PBXResourcesBuildPhase section */
		91190F471C85F45E0088B319 /* Resources */ = {
			isa = PBXResourcesBuildPhase;
			buildActionMask = 2147483647;
			files = (
				91190F571C85F45E0088B319 /* LaunchScreen.storyboard in Resources */,
				91190F541C85F45E0088B319 /* Assets.xcassets in Resources */,
				91190F521C85F45E0088B319 /* Main.storyboard in Resources */,
			);
			runOnlyForDeploymentPostprocessing = 0;
		};
/* End PBXResourcesBuildPhase section */

/* Begin PBXSourcesBuildPhase section */
		91190F451C85F45E0088B319 /* Sources */ = {
			isa = PBXSourcesBuildPhase;
			buildActionMask = 2147483647;
			files = (
				91190F5F1C85F47A0088B319 /* ItemsViewController.swift in Sources */,
				91190F611C85F5DD0088B319 /* Item.swift in Sources */,
				91190F631C85F9ED0088B319 /* ItemStore.swift in Sources */,
				9124F4221C8CE86600AADB30 /* DetailViewController.swift in Sources */,
				91190F4D1C85F45E0088B319 /* AppDelegate.swift in Sources */,
				9124F4201C8CCD3A00AADB30 /* ItemCell.swift in Sources */,
			);
			runOnlyForDeploymentPostprocessing = 0;
		};
/* End PBXSourcesBuildPhase section */

/* Begin PBXVariantGroup section */
		91190F501C85F45E0088B319 /* Main.storyboard */ = {
			isa = PBXVariantGroup;
			children = (
				91190F511C85F45E0088B319 /* Base */,
			);
			name = Main.storyboard;
			sourceTree = "<group>";
		};
		91190F551C85F45E0088B319 /* LaunchScreen.storyboard */ = {
			isa = PBXVariantGroup;
			children = (
				91190F561C85F45E0088B319 /* Base */,
			);
			name = LaunchScreen.storyboard;
			sourceTree = "<group>";
		};
/* End PBXVariantGroup section */

/* Begin XCBuildConfiguration section */
		91190F591C85F45E0088B319 /* Debug */ = {
			isa = XCBuildConfiguration;
			buildSettings = {
				ALWAYS_SEARCH_USER_PATHS = NO;
				CLANG_CXX_LANGUAGE_STANDARD = "gnu++0x";
				CLANG_CXX_LIBRARY = "libc++";
				CLANG_ENABLE_MODULES = YES;
				CLANG_ENABLE_OBJC_ARC = YES;
				CLANG_WARN_BOOL_CONVERSION = YES;
				CLANG_WARN_CONSTANT_CONVERSION = YES;
				CLANG_WARN_DIRECT_OBJC_ISA_USAGE = YES_ERROR;
				CLANG_WARN_EMPTY_BODY = YES;
				CLANG_WARN_ENUM_CONVERSION = YES;
				CLANG_WARN_INT_CONVERSION = YES;
				CLANG_WARN_OBJC_ROOT_CLASS = YES_ERROR;
				CLANG_WARN_UNREACHABLE_CODE = YES;
				CLANG_WARN__DUPLICATE_METHOD_MATCH = YES;
				"CODE_SIGN_IDENTITY[sdk=iphoneos*]" = "iPhone Developer";
				COPY_PHASE_STRIP = NO;
				DEBUG_INFORMATION_FORMAT = dwarf;
				ENABLE_STRICT_OBJC_MSGSEND = YES;
				ENABLE_TESTABILITY = YES;
				GCC_C_LANGUAGE_STANDARD = gnu99;
				GCC_DYNAMIC_NO_PIC = NO;
				GCC_NO_COMMON_BLOCKS = YES;
				GCC_OPTIMIZATION_LEVEL = 0;
				GCC_PREPROCESSOR_DEFINITIONS = (
					"DEBUG=1",
					"$(inherited)",
				);
				GCC_WARN_64_TO_32_BIT_CONVERSION = YES;
				GCC_WARN_ABOUT_RETURN_TYPE = YES_ERROR;
				GCC_WARN_UNDECLARED_SELECTOR = YES;
				GCC_WARN_UNINITIALIZED_AUTOS = YES_AGGRESSIVE;
				GCC_WARN_UNUSED_FUNCTION = YES;
				GCC_WARN_UNUSED_VARIABLE = YES;
				IPHONEOS_DEPLOYMENT_TARGET = 9.2;
				MTL_ENABLE_DEBUG_INFO = YES;
				ONLY_ACTIVE_ARCH = YES;
				SDKROOT = iphoneos;
				SWIFT_OPTIMIZATION_LEVEL = "-Onone";
			};
			name = Debug;
		};
		91190F5A1C85F45E0088B319 /* Release */ = {
			isa = XCBuildConfiguration;
			buildSettings = {
				ALWAYS_SEARCH_USER_PATHS = NO;
				CLANG_CXX_LANGUAGE_STANDARD = "gnu++0x";
				CLANG_CXX_LIBRARY = "libc++";
				CLANG_ENABLE_MODULES = YES;
				CLANG_ENABLE_OBJC_ARC = YES;
				CLANG_WARN_BOOL_CONVERSION = YES;
				CLANG_WARN_CONSTANT_CONVERSION = YES;
				CLANG_WARN_DIRECT_OBJC_ISA_USAGE = YES_ERROR;
				CLANG_WARN_EMPTY_BODY = YES;
				CLANG_WARN_ENUM_CONVERSION = YES;
				CLANG_WARN_INT_CONVERSION = YES;
				CLANG_WARN_OBJC_ROOT_CLASS = YES_ERROR;
				CLANG_WARN_UNREACHABLE_CODE = YES;
				CLANG_WARN__DUPLICATE_METHOD_MATCH = YES;
				"CODE_SIGN_IDENTITY[sdk=iphoneos*]" = "iPhone Developer";
				COPY_PHASE_STRIP = NO;
				DEBUG_INFORMATION_FORMAT = "dwarf-with-dsym";
				ENABLE_NS_ASSERTIONS = NO;
				ENABLE_STRICT_OBJC_MSGSEND = YES;
				GCC_C_LANGUAGE_STANDARD = gnu99;
				GCC_NO_COMMON_BLOCKS = YES;
				GCC_WARN_64_TO_32_BIT_CONVERSION = YES;
				GCC_WARN_ABOUT_RETURN_TYPE = YES_ERROR;
				GCC_WARN_UNDECLARED_SELECTOR = YES;
				GCC_WARN_UNINITIALIZED_AUTOS = YES_AGGRESSIVE;
				GCC_WARN_UNUSED_FUNCTION = YES;
				GCC_WARN_UNUSED_VARIABLE = YES;
				IPHONEOS_DEPLOYMENT_TARGET = 9.2;
				MTL_ENABLE_DEBUG_INFO = NO;
				SDKROOT = iphoneos;
				VALIDATE_PRODUCT = YES;
			};
			name = Release;
		};
		91190F5C1C85F45E0088B319 /* Debug */ = {
			isa = XCBuildConfiguration;
			buildSettings = {
				ASSETCATALOG_COMPILER_APPICON_NAME = AppIcon;
				INFOPLIST_FILE = Homepwner/Info.plist;
				LD_RUNPATH_SEARCH_PATHS = "$(inherited) @executable_path/Frameworks";
				PRODUCT_BUNDLE_IDENTIFIER = yuchima.com.Homepwner;
				PRODUCT_NAME = "$(TARGET_NAME)";
			};
			name = Debug;
		};
		91190F5D1C85F45E0088B319 /* Release */ = {
			isa = XCBuildConfiguration;
			buildSettings = {
				ASSETCATALOG_COMPILER_APPICON_NAME = AppIcon;
				INFOPLIST_FILE = Homepwner/Info.plist;
				LD_RUNPATH_SEARCH_PATHS = "$(inherited) @executable_path/Frameworks";
				PRODUCT_BUNDLE_IDENTIFIER = yuchima.com.Homepwner;
				PRODUCT_NAME = "$(TARGET_NAME)";
			};
			name = Release;
		};
/* End XCBuildConfiguration section */

/* Begin XCConfigurationList section */
		91190F441C85F45E0088B319 /* Build configuration list for PBXProject "Homepwner" */ = {
			isa = XCConfigurationList;
			buildConfigurations = (
				91190F591C85F45E0088B319 /* Debug */,
				91190F5A1C85F45E0088B319 /* Release */,
			);
			defaultConfigurationIsVisible = 0;
			defaultConfigurationName = Release;
		};
		91190F5B1C85F45E0088B319 /* Build configuration list for PBXNativeTarget "Homepwner" */ = {
			isa = XCConfigurationList;
			buildConfigurations = (
				91190F5C1C85F45E0088B319 /* Debug */,
				91190F5D1C85F45E0088B319 /* Release */,
			);
			defaultConfigurationIsVisible = 0;
			defaultConfigurationName = Release;
		};
/* End XCConfigurationList section */
	};
	rootObject = 91190F411C85F45E0088B319 /* Project object */;
}
