// !$*UTF8*$!
{
	archiveVersion = 1;
	classes = {
	};
	objectVersion = 46;
	objects = {

/* Begin PBXBuildFile section */
		182791551C6924F00077E553 /* AppDelegate.swift in Sources */ = {isa = PBXBuildFile; fileRef = 182791541C6924F00077E553 /* AppDelegate.swift */; };
		182791571C6924F00077E553 /* ViewController.swift in Sources */ = {isa = PBXBuildFile; fileRef = 182791561C6924F00077E553 /* ViewController.swift */; };
		1827915A1C6924F00077E553 /* Main.storyboard in Resources */ = {isa = PBXBuildFile; fileRef = 182791581C6924F00077E553 /* Main.storyboard */; };
		1827915C1C6924F00077E553 /* Assets.xcassets in Resources */ = {isa = PBXBuildFile; fileRef = 1827915B1C6924F00077E553 /* Assets.xcassets */; };
		1827915F1C6924F00077E553 /* LaunchScreen.storyboard in Resources */ = {isa = PBXBuildFile; fileRef = 1827915D1C6924F00077E553 /* LaunchScreen.storyboard */; };
		18A3FE681C71755E00E3B5CE /* MapKit.framework in Frameworks */ = {isa = PBXBuildFile; fileRef = 18A3FE671C71755E00E3B5CE /* MapKit.framework */; };
		18A3FE6A1C72549C00E3B5CE /* MapViewController.swift in Sources */ = {isa = PBXBuildFile; fileRef = 18A3FE691C72549C00E3B5CE /* MapViewController.swift */; };
		18A3FE6D1C73979D00E3B5CE /* WebKit.framework in Frameworks */ = {isa = PBXBuildFile; fileRef = 18A3FE6B1C73979D00E3B5CE /* WebKit.framework */; };
		18A3FE6E1C73979D00E3B5CE /* WebKit.framework in Frameworks */ = {isa = PBXBuildFile; fileRef = 18A3FE6C1C73979D00E3B5CE /* WebKit.framework */; };
		18A3FE701C73990F00E3B5CE /* WebViewController.swift in Sources */ = {isa = PBXBuildFile; fileRef = 18A3FE6F1C73990F00E3B5CE /* WebViewController.swift */; };
		18A3FE731C73BDC000E3B5CE /* CoreLocation.framework in Frameworks */ = {isa = PBXBuildFile; fileRef = 18A3FE711C73BDC000E3B5CE /* CoreLocation.framework */; };
		18A3FE741C73BDC000E3B5CE /* LocalAuthentication.framework in Frameworks */ = {isa = PBXBuildFile; fileRef = 18A3FE721C73BDC000E3B5CE /* LocalAuthentication.framework */; };
		18D7DD491C6A6A8E00997209 /* ConversionViewController.swift in Sources */ = {isa = PBXBuildFile; fileRef = 18D7DD481C6A6A8E00997209 /* ConversionViewController.swift */; };
/* End PBXBuildFile section */

/* Begin PBXFileReference section */
		182791511C6924F00077E553 /* WorldTrotter.app */ = {isa = PBXFileReference; explicitFileType = wrapper.application; includeInIndex = 0; path = WorldTrotter.app; sourceTree = BUILT_PRODUCTS_DIR; };
		182791541C6924F00077E553 /* AppDelegate.swift */ = {isa = PBXFileReference; lastKnownFileType = sourcecode.swift; path = AppDelegate.swift; sourceTree = "<group>"; };
		182791561C6924F00077E553 /* ViewController.swift */ = {isa = PBXFileReference; lastKnownFileType = sourcecode.swift; path = ViewController.swift; sourceTree = "<group>"; };
		182791591C6924F00077E553 /* Base */ = {isa = PBXFileReference; lastKnownFileType = file.storyboard; name = Base; path = Base.lproj/Main.storyboard; sourceTree = "<group>"; };
		1827915B1C6924F00077E553 /* Assets.xcassets */ = {isa = PBXFileReference; lastKnownFileType = folder.assetcatalog; path = Assets.xcassets; sourceTree = "<group>"; };
		1827915E1C6924F00077E553 /* Base */ = {isa = PBXFileReference; lastKnownFileType = file.storyboard; name = Base; path = Base.lproj/LaunchScreen.storyboard; sourceTree = "<group>"; };
		182791601C6924F00077E553 /* Info.plist */ = {isa = PBXFileReference; lastKnownFileType = text.plist.xml; path = Info.plist; sourceTree = "<group>"; };
		18A3FE671C71755E00E3B5CE /* MapKit.framework */ = {isa = PBXFileReference; lastKnownFileType = wrapper.framework; name = MapKit.framework; path = System/Library/Frameworks/MapKit.framework; sourceTree = SDKROOT; };
		18A3FE691C72549C00E3B5CE /* MapViewController.swift */ = {isa = PBXFileReference; fileEncoding = 4; lastKnownFileType = sourcecode.swift; path = MapViewController.swift; sourceTree = "<group>"; };
		18A3FE6B1C73979D00E3B5CE /* WebKit.framework */ = {isa = PBXFileReference; lastKnownFileType = wrapper.framework; name = WebKit.framework; path = System/Library/Frameworks/WebKit.framework; sourceTree = SDKROOT; };
		18A3FE6C1C73979D00E3B5CE /* WebKit.framework */ = {isa = PBXFileReference; lastKnownFileType = wrapper.framework; name = WebKit.framework; path = System/Library/PrivateFrameworks/WebKit.framework; sourceTree = SDKROOT; };
		18A3FE6F1C73990F00E3B5CE /* WebViewController.swift */ = {isa = PBXFileReference; fileEncoding = 4; lastKnownFileType = sourcecode.swift; path = WebViewController.swift; sourceTree = "<group>"; };
		18A3FE711C73BDC000E3B5CE /* CoreLocation.framework */ = {isa = PBXFileReference; lastKnownFileType = wrapper.framework; name = CoreLocation.framework; path = System/Library/Frameworks/CoreLocation.framework; sourceTree = SDKROOT; };
		18A3FE721C73BDC000E3B5CE /* LocalAuthentication.framework */ = {isa = PBXFileReference; lastKnownFileType = wrapper.framework; name = LocalAuthentication.framework; path = System/Library/Frameworks/LocalAuthentication.framework; sourceTree = SDKROOT; };
		18D7DD481C6A6A8E00997209 /* ConversionViewController.swift */ = {isa = PBXFileReference; fileEncoding = 4; lastKnownFileType = sourcecode.swift; path = ConversionViewController.swift; sourceTree = "<group>"; };
/* End PBXFileReference section */

/* Begin PBXFrameworksBuildPhase section */
		1827914E1C6924F00077E553 /* Frameworks */ = {
			isa = PBXFrameworksBuildPhase;
			buildActionMask = 2147483647;
			files = (
				18A3FE731C73BDC000E3B5CE /* CoreLocation.framework in Frameworks */,
				18A3FE741C73BDC000E3B5CE /* LocalAuthentication.framework in Frameworks */,
				18A3FE6D1C73979D00E3B5CE /* WebKit.framework in Frameworks */,
				18A3FE6E1C73979D00E3B5CE /* WebKit.framework in Frameworks */,
				18A3FE681C71755E00E3B5CE /* MapKit.framework in Frameworks */,
			);
			runOnlyForDeploymentPostprocessing = 0;
		};
/* End PBXFrameworksBuildPhase section */

/* Begin PBXGroup section */
		182791481C6924F00077E553 = {
			isa = PBXGroup;
			children = (
				18A3FE711C73BDC000E3B5CE /* CoreLocation.framework */,
				18A3FE721C73BDC000E3B5CE /* LocalAuthentication.framework */,
				18A3FE6B1C73979D00E3B5CE /* WebKit.framework */,
				18A3FE6C1C73979D00E3B5CE /* WebKit.framework */,
				18A3FE671C71755E00E3B5CE /* MapKit.framework */,
				182791531C6924F00077E553 /* WorldTrotter */,
				182791521C6924F00077E553 /* Products */,
			);
			sourceTree = "<group>";
		};
		182791521C6924F00077E553 /* Products */ = {
			isa = PBXGroup;
			children = (
				182791511C6924F00077E553 /* WorldTrotter.app */,
			);
			name = Products;
			sourceTree = "<group>";
		};
		182791531C6924F00077E553 /* WorldTrotter */ = {
			isa = PBXGroup;
			children = (
				182791541C6924F00077E553 /* AppDelegate.swift */,
				182791561C6924F00077E553 /* ViewController.swift */,
				182791581C6924F00077E553 /* Main.storyboard */,
				1827915B1C6924F00077E553 /* Assets.xcassets */,
				18A3FE6F1C73990F00E3B5CE /* WebViewController.swift */,
				1827915D1C6924F00077E553 /* LaunchScreen.storyboard */,
				182791601C6924F00077E553 /* Info.plist */,
				18D7DD481C6A6A8E00997209 /* ConversionViewController.swift */,
				18A3FE691C72549C00E3B5CE /* MapViewController.swift */,
			);
			path = WorldTrotter;
			sourceTree = "<group>";
		};
/* End PBXGroup section */

/* Begin PBXNativeTarget section */
		182791501C6924F00077E553 /* WorldTrotter */ = {
			isa = PBXNativeTarget;
			buildConfigurationList = 182791631C6924F00077E553 /* Build configuration list for PBXNativeTarget "WorldTrotter" */;
			buildPhases = (
				1827914D1C6924F00077E553 /* Sources */,
				1827914E1C6924F00077E553 /* Frameworks */,
				1827914F1C6924F00077E553 /* Resources */,
			);
			buildRules = (
			);
			dependencies = (
			);
			name = WorldTrotter;
			productName = WorldTrotter;
			productReference = 182791511C6924F00077E553 /* WorldTrotter.app */;
			productType = "com.apple.product-type.application";
		};
/* End PBXNativeTarget section */

/* Begin PBXProject section */
		182791491C6924F00077E553 /* Project object */ = {
			isa = PBXProject;
			attributes = {
				LastSwiftUpdateCheck = 0720;
				LastUpgradeCheck = 0720;
				ORGANIZATIONNAME = "Keval Shah";
				TargetAttributes = {
					182791501C6924F00077E553 = {
						CreatedOnToolsVersion = 7.2;
						DevelopmentTeam = 6WLKTW8RY2;
					};
				};
			};
			buildConfigurationList = 1827914C1C6924F00077E553 /* Build configuration list for PBXProject "WorldTrotter" */;
			compatibilityVersion = "Xcode 3.2";
			developmentRegion = English;
			hasScannedForEncodings = 0;
			knownRegions = (
				en,
				Base,
			);
			mainGroup = 182791481C6924F00077E553;
			productRefGroup = 182791521C6924F00077E553 /* Products */;
			projectDirPath = "";
			projectRoot = "";
			targets = (
				182791501C6924F00077E553 /* WorldTrotter */,
			);
		};
/* End PBXProject section */

/* Begin PBXResourcesBuildPhase section */
		1827914F1C6924F00077E553 /* Resources */ = {
			isa = PBXResourcesBuildPhase;
			buildActionMask = 2147483647;
			files = (
				1827915F1C6924F00077E553 /* LaunchScreen.storyboard in Resources */,
				1827915C1C6924F00077E553 /* Assets.xcassets in Resources */,
				1827915A1C6924F00077E553 /* Main.storyboard in Resources */,
			);
			runOnlyForDeploymentPostprocessing = 0;
		};
/* End PBXResourcesBuildPhase section */

/* Begin PBXSourcesBuildPhase section */
		1827914D1C6924F00077E553 /* Sources */ = {
			isa = PBXSourcesBuildPhase;
			buildActionMask = 2147483647;
			files = (
				182791571C6924F00077E553 /* ViewController.swift in Sources */,
				18D7DD491C6A6A8E00997209 /* ConversionViewController.swift in Sources */,
				182791551C6924F00077E553 /* AppDelegate.swift in Sources */,
				18A3FE701C73990F00E3B5CE /* WebViewController.swift in Sources */,
				18A3FE6A1C72549C00E3B5CE /* MapViewController.swift in Sources */,
			);
			runOnlyForDeploymentPostprocessing = 0;
		};
/* End PBXSourcesBuildPhase section */

/* Begin PBXVariantGroup section */
		182791581C6924F00077E553 /* Main.storyboard */ = {
			isa = PBXVariantGroup;
			children = (
				182791591C6924F00077E553 /* Base */,
			);
			name = Main.storyboard;
			sourceTree = "<group>";
		};
		1827915D1C6924F00077E553 /* LaunchScreen.storyboard */ = {
			isa = PBXVariantGroup;
			children = (
				1827915E1C6924F00077E553 /* Base */,
			);
			name = LaunchScreen.storyboard;
			sourceTree = "<group>";
		};
/* End PBXVariantGroup section */

/* Begin XCBuildConfiguration section */
		182791611C6924F00077E553 /* Debug */ = {
			isa = XCBuildConfiguration;
			buildSettings = {
				ALWAYS_SEARCH_USER_PATHS = NO;
				CLANG_CXX_LANGUAGE_STANDARD = "gnu++0x";
				CLANG_CXX_LIBRARY = "libc++";
				CLANG_ENABLE_MODULES = YES;
				CLANG_ENABLE_OBJC_ARC = YES;
				CLANG_WARN_BOOL_CONVERSION = YES;
				CLANG_WARN_CONSTANT_CONVERSION = YES;
				CLANG_WARN_DIRECT_OBJC_ISA_USAGE = YES_ERROR;
				CLANG_WARN_EMPTY_BODY = YES;
				CLANG_WARN_ENUM_CONVERSION = YES;
				CLANG_WARN_INT_CONVERSION = YES;
				CLANG_WARN_OBJC_ROOT_CLASS = YES_ERROR;
				CLANG_WARN_UNREACHABLE_CODE = YES;
				CLANG_WARN__DUPLICATE_METHOD_MATCH = YES;
				"CODE_SIGN_IDENTITY[sdk=iphoneos*]" = "iPhone Developer";
				COPY_PHASE_STRIP = NO;
				DEBUG_INFORMATION_FORMAT = dwarf;
				ENABLE_STRICT_OBJC_MSGSEND = YES;
				ENABLE_TESTABILITY = YES;
				GCC_C_LANGUAGE_STANDARD = gnu99;
				GCC_DYNAMIC_NO_PIC = NO;
				GCC_NO_COMMON_BLOCKS = YES;
				GCC_OPTIMIZATION_LEVEL = 0;
				GCC_PREPROCESSOR_DEFINITIONS = (
					"DEBUG=1",
					"$(inherited)",
				);
				GCC_WARN_64_TO_32_BIT_CONVERSION = YES;
				GCC_WARN_ABOUT_RETURN_TYPE = YES_ERROR;
				GCC_WARN_UNDECLARED_SELECTOR = YES;
				GCC_WARN_UNINITIALIZED_AUTOS = YES_AGGRESSIVE;
				GCC_WARN_UNUSED_FUNCTION = YES;
				GCC_WARN_UNUSED_VARIABLE = YES;
				IPHONEOS_DEPLOYMENT_TARGET = 9.2;
				MTL_ENABLE_DEBUG_INFO = YES;
				ONLY_ACTIVE_ARCH = YES;
				SDKROOT = iphoneos;
				SWIFT_OPTIMIZATION_LEVEL = "-Onone";
			};
			name = Debug;
		};
		182791621C6924F00077E553 /* Release */ = {
			isa = XCBuildConfiguration;
			buildSettings = {
				ALWAYS_SEARCH_USER_PATHS = NO;
				CLANG_CXX_LANGUAGE_STANDARD = "gnu++0x";
				CLANG_CXX_LIBRARY = "libc++";
				CLANG_ENABLE_MODULES = YES;
				CLANG_ENABLE_OBJC_ARC = YES;
				CLANG_WARN_BOOL_CONVERSION = YES;
				CLANG_WARN_CONSTANT_CONVERSION = YES;
				CLANG_WARN_DIRECT_OBJC_ISA_USAGE = YES_ERROR;
				CLANG_WARN_EMPTY_BODY = YES;
				CLANG_WARN_ENUM_CONVERSION = YES;
				CLANG_WARN_INT_CONVERSION = YES;
				CLANG_WARN_OBJC_ROOT_CLASS = YES_ERROR;
				CLANG_WARN_UNREACHABLE_CODE = YES;
				CLANG_WARN__DUPLICATE_METHOD_MATCH = YES;
				"CODE_SIGN_IDENTITY[sdk=iphoneos*]" = "iPhone Developer";
				COPY_PHASE_STRIP = NO;
				DEBUG_INFORMATION_FORMAT = "dwarf-with-dsym";
				ENABLE_NS_ASSERTIONS = NO;
				ENABLE_STRICT_OBJC_MSGSEND = YES;
				GCC_C_LANGUAGE_STANDARD = gnu99;
				GCC_NO_COMMON_BLOCKS = YES;
				GCC_WARN_64_TO_32_BIT_CONVERSION = YES;
				GCC_WARN_ABOUT_RETURN_TYPE = YES_ERROR;
				GCC_WARN_UNDECLARED_SELECTOR = YES;
				GCC_WARN_UNINITIALIZED_AUTOS = YES_AGGRESSIVE;
				GCC_WARN_UNUSED_FUNCTION = YES;
				GCC_WARN_UNUSED_VARIABLE = YES;
				IPHONEOS_DEPLOYMENT_TARGET = 9.2;
				MTL_ENABLE_DEBUG_INFO = NO;
				SDKROOT = iphoneos;
				VALIDATE_PRODUCT = YES;
			};
			name = Release;
		};
		182791641C6924F00077E553 /* Debug */ = {
			isa = XCBuildConfiguration;
			buildSettings = {
				ASSETCATALOG_COMPILER_APPICON_NAME = AppIcon;
				FRAMEWORK_SEARCH_PATHS = (
					"$(inherited)",
					"$(SDKROOT)$(SYSTEM_LIBRARY_DIR)/PrivateFrameworks",
				);
				INFOPLIST_FILE = WorldTrotter/Info.plist;
				LD_RUNPATH_SEARCH_PATHS = "$(inherited) @executable_path/Frameworks";
				PRODUCT_BUNDLE_IDENTIFIER = com.kevios9103.WorldTrotter;
				PRODUCT_NAME = "$(TARGET_NAME)";
			};
			name = Debug;
		};
		182791651C6924F00077E553 /* Release */ = {
			isa = XCBuildConfiguration;
			buildSettings = {
				ASSETCATALOG_COMPILER_APPICON_NAME = AppIcon;
				FRAMEWORK_SEARCH_PATHS = (
					"$(inherited)",
					"$(SDKROOT)$(SYSTEM_LIBRARY_DIR)/PrivateFrameworks",
				);
				INFOPLIST_FILE = WorldTrotter/Info.plist;
				LD_RUNPATH_SEARCH_PATHS = "$(inherited) @executable_path/Frameworks";
				PRODUCT_BUNDLE_IDENTIFIER = com.kevios9103.WorldTrotter;
				PRODUCT_NAME = "$(TARGET_NAME)";
			};
			name = Release;
		};
/* End XCBuildConfiguration section */

/* Begin XCConfigurationList section */
		1827914C1C6924F00077E553 /* Build configuration list for PBXProject "WorldTrotter" */ = {
			isa = XCConfigurationList;
			buildConfigurations = (
				182791611C6924F00077E553 /* Debug */,
				182791621C6924F00077E553 /* Release */,
			);
			defaultConfigurationIsVisible = 0;
			defaultConfigurationName = Release;
		};
		182791631C6924F00077E553 /* Build configuration list for PBXNativeTarget "WorldTrotter" */ = {
			isa = XCConfigurationList;
			buildConfigurations = (
				182791641C6924F00077E553 /* Debug */,
				182791651C6924F00077E553 /* Release */,
			);
			defaultConfigurationIsVisible = 0;
			defaultConfigurationName = Release;
		};
/* End XCConfigurationList section */
	};
	rootObject = 182791491C6924F00077E553 /* Project object */;
}
